{
  "nodes": {
    "flake-parts": {
      "inputs": {
        "nixpkgs-lib": "nixpkgs-lib"
      },
      "locked": {
        "lastModified": 1762980239,
        "narHash": "sha256-8oNVE8TrD19ulHinjaqONf9QWCKK+w4url56cdStMpM=",
        "owner": "hercules-ci",
        "repo": "flake-parts",
        "rev": "52a2caecc898d0b46b2b905f058ccc5081f842da",
        "type": "github"
      },
      "original": {
        "owner": "hercules-ci",
        "repo": "flake-parts",
        "type": "github"
      }
    },
    "flake-utils": {
      "inputs": {
        "systems": "systems"
      },
      "locked": {
        "lastModified": 1694529238,
        "narHash": "sha256-zsNZZGTGnMOf9YpHKJqMSsa0dXbfmxeoJ7xHlrt+xmY=",
        "owner": "numtide",
        "repo": "flake-utils",
        "rev": "ff7b65b44d01cf9ba6a71320833626af21126384",
        "type": "github"
      },
      "original": {
        "owner": "numtide",
        "repo": "flake-utils",
        "type": "github"
      }
    },
    "janet-c": {
      "flake": false,
      "locked": {
        "narHash": "sha256-057iHb2KK32qOthIP0BzUWhF6ag+/MC4LGp7ySqV+eg=",
        "type": "file",
        "url": "https://github.com/janet-lang/janet/releases/download/v1.40.1/janet.c"
      },
      "original": {
        "type": "file",
        "url": "https://github.com/janet-lang/janet/releases/download/v1.40.1/janet.c"
      }
    },
    "janet-h": {
      "flake": false,
      "locked": {
        "narHash": "sha256-OH+D2vkx/f93YXSz/OAz/wdsMuzH/voN/Qn9tg/isqI=",
        "type": "file",
        "url": "https://github.com/janet-lang/janet/releases/download/v1.40.1/janet.h"
      },
      "original": {
        "type": "file",
        "url": "https://github.com/janet-lang/janet/releases/download/v1.40.1/janet.h"
      }
    },
    "janet-lsp-src": {
      "flake": false,
      "locked": {
        "lastModified": 1757504214,
        "narHash": "sha256-XcIUAmfzBNcsln/XZu9dZoTCTyxoCjNeg//6IK35INs=",
        "owner": "Blue-Berry",
        "repo": "janet-lsp.nix",
        "rev": "b8334a469d38f191198a20a75a6c470c2ea588d2",
        "type": "github"
      },
      "original": {
        "owner": "Blue-Berry",
        "repo": "janet-lsp.nix",
        "type": "github"
      }
    },
    "janet2nix": {
      "inputs": {
        "flake-utils": "flake-utils",
        "nixpkgs": "nixpkgs"
      },
      "locked": {
        "lastModified": 1735936891,
        "narHash": "sha256-JJe45WPfRyuq8ntt9Zy7W185h3etdjO7o8YtpZ8KBa8=",
        "owner": "alan-strohm",
        "repo": "janet2nix",
        "rev": "b94e07f066343b3c5fac35dc76411369d7bfc5ff",
        "type": "github"
      },
      "original": {
        "owner": "alan-strohm",
        "repo": "janet2nix",
        "type": "github"
      }
    },
    "jurl": {
      "flake": false,
      "locked": {
        "lastModified": 1737277484,
        "narHash": "sha256-sz6hXLVotTEFBPAVgjGjT+S1ZZwsmmHvy+HZN7sRk6E=",
        "owner": "cosmictoast",
        "repo": "jurl",
        "rev": "f31ae0189e2f1ef577d00ed70395746364c3082f",
        "type": "github"
      },
      "original": {
        "owner": "cosmictoast",
        "ref": "v1.4.3",
        "repo": "jurl",
        "type": "github"
      }
    },
    "nixpkgs": {
      "locked": {
        "lastModified": 1735554305,
        "narHash": "sha256-zExSA1i/b+1NMRhGGLtNfFGXgLtgo+dcuzHzaWA6w3Q=",
        "owner": "NixOS",
        "repo": "nixpkgs",
        "rev": "0e82ab234249d8eee3e8c91437802b32c74bb3fd",
        "type": "github"
      },
      "original": {
        "owner": "NixOS",
        "ref": "nixpkgs-unstable",
        "repo": "nixpkgs",
        "type": "github"
      }
    },
    "nixpkgs-lib": {
      "locked": {
        "lastModified": 1761765539,
        "narHash": "sha256-b0yj6kfvO8ApcSE+QmA6mUfu8IYG6/uU28OFn4PaC8M=",
        "owner": "nix-community",
        "repo": "nixpkgs.lib",
        "rev": "719359f4562934ae99f5443f20aa06c2ffff91fc",
        "type": "github"
      },
      "original": {
        "owner": "nix-community",
        "repo": "nixpkgs.lib",
        "type": "github"
      }
    },
    "nixpkgs_2": {
      "locked": {
        "lastModified": 1763421233,
        "narHash": "sha256-Stk9ZYRkGrnnpyJ4eqt9eQtdFWRRIvMxpNRf4sIegnw=",
        "owner": "NixOS",
        "repo": "nixpkgs",
        "rev": "89c2b2330e733d6cdb5eae7b899326930c2c0648",
        "type": "github"
      },
      "original": {
        "owner": "NixOS",
        "ref": "nixos-unstable",
        "repo": "nixpkgs",
        "type": "github"
      }
    },
    "root": {
      "inputs": {
        "flake-parts": "flake-parts",
        "janet-c": "janet-c",
        "janet-h": "janet-h",
        "janet-lsp-src": "janet-lsp-src",
        "janet2nix": "janet2nix",
        "jurl": "jurl",
        "nixpkgs": "nixpkgs_2",
        "spork": "spork"
      }
    },
    "spork": {
      "flake": false,
      "locked": {
        "lastModified": 1762982439,
        "narHash": "sha256-3TnGeulJSHbr2J2UKkb2jcDX+xCuhLYViXUNvSN6Vmk=",
        "owner": "janet-lang",
        "repo": "spork",
        "rev": "e939a040f7183a518d9b396d017e1773e228a4c3",
        "type": "github"
      },
      "original": {
        "owner": "janet-lang",
        "repo": "spork",
        "type": "github"
      }
    },
    "systems": {
      "locked": {
        "lastModified": 1681028828,
        "narHash": "sha256-Vy1rq5AaRuLzOxct8nz4T6wlgyUR7zLU309k9mBC768=",
        "owner": "nix-systems",
        "repo": "default",
        "rev": "da67096a3b9bf56a91d16901293e51ba5b49a27e",
        "type": "github"
      },
      "original": {
        "owner": "nix-systems",
        "repo": "default",
        "type": "github"
      }
    }
  },
  "root": "root",
  "version": 7
}
